github.com/MitoVeli/math_grpc_client v0.0.0-20221106180209-699677c11cb6 h1:ukYx3oqxseb/cIHHmLIRPuAuhEydYzDFanNchy4AP7s=
github.com/MitoVeli/math_grpc_client v0.0.0-20221106180209-699677c11cb6/go.mod h1:8qez2KGgO634gMVTcPap3DRJQ6vd+ZN41QjQ2RuOMJk=
github.com/MitoVeli/math_grpc_client v0.0.0-20221106183933-6338a552e153 h1:xIRcpWf5CTmGuEcndsgUY1fPGP2cL3NB1+byXREcGdI=
github.com/MitoVeli/math_grpc_client v0.0.0-20221106183933-6338a552e153/go.mod h1:MUqlg1H427PBGeetl5PsXNINCjGCKVIAgicpBwjwJbk=
github.com/MitoVeli/math_grpc_client v0.0.0-20221108143153-9a2780dbe218 h1:vPkF3NfGk9E2akjkotdl1uDLWh99sGlFLweA1jN+iMQ=
github.com/MitoVeli/math_grpc_client v0.0.0-20221108143153-9a2780dbe218/go.mod h1:CR/19yC8dgwnppH0A0MPYShZniJ5v4HibbBQ7fmEueo=
github.com/MitoVeli/math_grpc_client v0.0.0-20221108162320-5206f2617a33 h1:D206r4fk7awiF7MaBM25Ryd9N+brkyrpVu70q/CbzCk=
github.com/MitoVeli/math_grpc_client v0.0.0-20221108162320-5206f2617a33/go.mod h1:0TfesrxHddQ69o6CmYcXLv8SDxhB9Pe7gYN6WhtUgKo=
github.com/MitoVeli/math_grpc_client v0.0.0-20221108195614-dc77a9f48907 h1:7M1Ce0jdLbKF1tbSv6WhFUbNH82T3EfI5Vh70rJtTKI=
github.com/MitoVeli/math_grpc_client v0.0.0-20221108195614-dc77a9f48907/go.mod h1:0TfesrxHddQ69o6CmYcXLv8SDxhB9Pe7gYN6WhtUgKo=
github.com/golang/protobuf v1.5.0/go.mod h1:FsONVRAS9T7sI+LIUmWTfcYkHO4aIWwzhcaSAoJOfIk=
github.com/golang/protobuf v1.5.2 h1:ROPKBNFfQgOUMifHyP+KYbvpjbdoFNs+aK7DXlji0Tw=
github.com/golang/protobuf v1.5.2/go.mod h1:XVQd3VNwM+JqD3oG2Ue2ip4fOMUkwXdXDdiuN0vRsmY=
github.com/google/go-cmp v0.5.5/go.mod h1:v8dTdLbMG2kIc/vJvl+f65V22dbkXbowE6jgT/gNBxE=
github.com/google/go-cmp v0.5.6 h1:BKbKCqvP6I+rmFHt06ZmyQtvB8xAkWdhFyr0ZUNZcxQ=
golang.org/x/net v0.1.0 h1:hZ/3BUoy5aId7sCpA/Tc5lt8DkFgdVS2onTpJsZ/fl0=
golang.org/x/net v0.1.0/go.mod h1:Cx3nUiGt4eDBEyega/BKRp+/AlGL8hYe7U9odMt2Cco=
golang.org/x/net v0.2.0 h1:sZfSu1wtKLGlWI4ZZayP0ck9Y73K1ynO6gqzTdBVdPU=
golang.org/x/net v0.2.0/go.mod h1:KqCZLdyyvdV855qA2rE3GC2aiw5xGR5TEjj8smXukLY=
golang.org/x/sys v0.1.0 h1:kunALQeHf1/185U1i0GOB/fy1IPRDDpuoOOqRReG57U=
golang.org/x/sys v0.1.0/go.mod h1:oPkhp1MJrh7nUepCBck5+mAzfO9JrbApNNgaTdGDITg=
golang.org/x/sys v0.2.0 h1:ljd4t30dBnAvMZaQCevtY0xLLD0A+bRZXbgLMLU1F/A=
golang.org/x/sys v0.2.0/go.mod h1:oPkhp1MJrh7nUepCBck5+mAzfO9JrbApNNgaTdGDITg=
golang.org/x/text v0.4.0 h1:BrVqGRd7+k1DiOgtnFvAkoQEWQvBc25ouMJM6429SFg=
golang.org/x/text v0.4.0/go.mod h1:mrYo+phRRbMaCq/xk9113O4dZlRixOauAjOtrjsXDZ8=
golang.org/x/xerrors v0.0.0-20191204190536-9bdfabe68543/go.mod h1:I/5z698sn9Ka8TeJc9MKroUUfqBBauWjQqLJ2OPfmY0=
golang.org/x/xerrors v0.0.0-20200804184101-5ec99f83aff1 h1:go1bK/D/BFZV2I8cIQd1NKEZ+0owSTG1fDTci4IqFcE=
google.golang.org/genproto v0.0.0-20221027153422-115e99e71e1c h1:QgY/XxIAIeccR+Ca/rDdKubLIU9rcJ3xfy1DC/Wd2Oo=
google.golang.org/genproto v0.0.0-20221027153422-115e99e71e1c/go.mod h1:CGI5F/G+E5bKwmfYo09AXuVN4dD894kIKUFmVbP2/Fo=
google.golang.org/genproto v0.0.0-20221107162902-2d387536bcdd h1:1eV6KuDTxraYYsYGWksp1thEGP+8dtX/TINL9h+ppiI=
google.golang.org/genproto v0.0.0-20221107162902-2d387536bcdd/go.mod h1:rZS5c/ZVYMaOGBfO68GWtjOw/eLaZM1X6iVtgjZ+EWg=
google.golang.org/grpc v1.50.1 h1:DS/BukOZWp8s6p4Dt/tOaJaTQyPyOoCcrjroHuCeLzY=
google.golang.org/grpc v1.50.1/go.mod h1:ZgQEeidpAuNRZ8iRrlBKXZQP1ghovWIVhdJRyCDK+GI=
google.golang.org/protobuf v1.26.0-rc.1/go.mod h1:jlhhOSvTdKEhbULTjvd4ARK9grFBp09yW+WbY/TyQbw=
google.golang.org/protobuf v1.26.0/go.mod h1:9q0QmTI4eRPtz6boOQmLYwt+qCgq0jsYwAQnmE0givc=
google.golang.org/protobuf v1.28.1 h1:d0NfwRgPtno5B1Wa6L2DAG+KivqkdutMf1UhdNx175w=
google.golang.org/protobuf v1.28.1/go.mod h1:HV8QOd/L58Z+nl8r43ehVNZIU/HEI6OcFqwMG9pJV4I=
